
Microsoft Visual Studio Solution File, Format Version 12.00
# Visual Studio 2012
Project("{FAE04EC0-301F-11D3-BF4B-00C04F79EFBC}") = "CreditSuisse.Cash.Client", "CreditSuisse.Cash.Client\CreditSuisse.Cash.Client.csproj", "{E0B47218-9C9A-42EA-B688-7C98D838F2F9}"
EndProject
Project("{FAE04EC0-301F-11D3-BF4B-00C04F79EFBC}") = "CreditSuisse.Cash.Server", "CreditSuisse.Cash.Server\CreditSuisse.Cash.Server.csproj", "{22CBBC55-C2A7-4B92-9B26-5B3F7A34912B}"
EndProject
Global
	GlobalSection(SolutionConfigurationPlatforms) = preSolution
		Debug|Any CPU = Debug|Any CPU
		Release|Any CPU = Release|Any CPU
	EndGlobalSection
	GlobalSection(ProjectConfigurationPlatforms) = postSolution
		{E0B47218-9C9A-42EA-B688-7C98D838F2F9}.Debug|Any CPU.ActiveCfg = Debug|Any CPU
		{E0B47218-9C9A-42EA-B688-7C98D838F2F9}.Debug|Any CPU.Build.0 = Debug|Any CPU
		{E0B47218-9C9A-42EA-B688-7C98D838F2F9}.Release|Any CPU.ActiveCfg = Release|Any CPU
		{E0B47218-9C9A-42EA-B688-7C98D838F2F9}.Release|Any CPU.Build.0 = Release|Any CPU
		{22CBBC55-C2A7-4B92-9B26-5B3F7A34912B}.Debug|Any CPU.ActiveCfg = Debug|Any CPU
		{22CBBC55-C2A7-4B92-9B26-5B3F7A34912B}.Debug|Any CPU.Build.0 = Debug|Any CPU
		{22CBBC55-C2A7-4B92-9B26-5B3F7A34912B}.Release|Any CPU.ActiveCfg = Release|Any CPU
		{22CBBC55-C2A7-4B92-9B26-5B3F7A34912B}.Release|Any CPU.Build.0 = Release|Any CPU
	EndGlobalSection
	GlobalSection(SolutionProperties) = preSolution
		HideSolutionNode = FALSE
	EndGlobalSection
EndGlobal
